{"filter":false,"title":"Gemfile.lock","tooltip":"/hello_app/Gemfile.lock","undoManager":{"mark":-1,"position":-1,"stack":[]},"ace":{"folds":[],"scrolltop":2296,"scrollleft":0,"selection":{"start":{"row":177,"column":12},"end":{"row":177,"column":12},"isBackwards":false},"options":{"guessTabSize":true,"useWrapMode":false,"wrapToView":true},"firstLineState":{"row":163,"state":"start","mode":"ace/mode/text"}},"timestamp":1515510276693,"hash":"4cda22527ddb2ad3ec5a9490ad254cfaca686e58"}